
Microsoft Visual Studio Solution File, Format Version 12.00
# Visual Studio 15
VisualStudioVersion = 15.0.26124.0
MinimumVisualStudioVersion = 15.0.26124.0
Project("{2150E333-8FDC-42A3-9474-1A3956D46DE8}") = "src", "src", "{A7E40A35-641B-4F29-8D35-C762275678BB}"
EndProject
Project("{FAE04EC0-301F-11D3-BF4B-00C04F79EFBC}") = "VioletGrass.Middleware", "src\VioletGrass.Middleware\VioletGrass.Middleware.csproj", "{69578E20-7FD2-43BE-A0C5-D86B4E721E75}"
EndProject
Project("{2150E333-8FDC-42A3-9474-1A3956D46DE8}") = "test", "test", "{85B258DA-BC7F-41F0-8942-749C808EBED2}"
EndProject
Project("{FAE04EC0-301F-11D3-BF4B-00C04F79EFBC}") = "VioletGrass.Middleware.Test", "test\VioletGrass.Middleware.Test\VioletGrass.Middleware.Test.csproj", "{7ADE24FB-65FC-4248-BFEE-27C1F02C3CAF}"
EndProject
Global
	GlobalSection(SolutionConfigurationPlatforms) = preSolution
		Debug|Any CPU = Debug|Any CPU
		Debug|x64 = Debug|x64
		Debug|x86 = Debug|x86
		Release|Any CPU = Release|Any CPU
		Release|x64 = Release|x64
		Release|x86 = Release|x86
	EndGlobalSection
	GlobalSection(SolutionProperties) = preSolution
		HideSolutionNode = FALSE
	EndGlobalSection
	GlobalSection(ProjectConfigurationPlatforms) = postSolution
		{69578E20-7FD2-43BE-A0C5-D86B4E721E75}.Debug|Any CPU.ActiveCfg = Debug|Any CPU
		{69578E20-7FD2-43BE-A0C5-D86B4E721E75}.Debug|Any CPU.Build.0 = Debug|Any CPU
		{69578E20-7FD2-43BE-A0C5-D86B4E721E75}.Debug|x64.ActiveCfg = Debug|Any CPU
		{69578E20-7FD2-43BE-A0C5-D86B4E721E75}.Debug|x64.Build.0 = Debug|Any CPU
		{69578E20-7FD2-43BE-A0C5-D86B4E721E75}.Debug|x86.ActiveCfg = Debug|Any CPU
		{69578E20-7FD2-43BE-A0C5-D86B4E721E75}.Debug|x86.Build.0 = Debug|Any CPU
		{69578E20-7FD2-43BE-A0C5-D86B4E721E75}.Release|Any CPU.ActiveCfg = Release|Any CPU
		{69578E20-7FD2-43BE-A0C5-D86B4E721E75}.Release|Any CPU.Build.0 = Release|Any CPU
		{69578E20-7FD2-43BE-A0C5-D86B4E721E75}.Release|x64.ActiveCfg = Release|Any CPU
		{69578E20-7FD2-43BE-A0C5-D86B4E721E75}.Release|x64.Build.0 = Release|Any CPU
		{69578E20-7FD2-43BE-A0C5-D86B4E721E75}.Release|x86.ActiveCfg = Release|Any CPU
		{69578E20-7FD2-43BE-A0C5-D86B4E721E75}.Release|x86.Build.0 = Release|Any CPU
		{7ADE24FB-65FC-4248-BFEE-27C1F02C3CAF}.Debug|Any CPU.ActiveCfg = Debug|Any CPU
		{7ADE24FB-65FC-4248-BFEE-27C1F02C3CAF}.Debug|Any CPU.Build.0 = Debug|Any CPU
		{7ADE24FB-65FC-4248-BFEE-27C1F02C3CAF}.Debug|x64.ActiveCfg = Debug|Any CPU
		{7ADE24FB-65FC-4248-BFEE-27C1F02C3CAF}.Debug|x64.Build.0 = Debug|Any CPU
		{7ADE24FB-65FC-4248-BFEE-27C1F02C3CAF}.Debug|x86.ActiveCfg = Debug|Any CPU
		{7ADE24FB-65FC-4248-BFEE-27C1F02C3CAF}.Debug|x86.Build.0 = Debug|Any CPU
		{7ADE24FB-65FC-4248-BFEE-27C1F02C3CAF}.Release|Any CPU.ActiveCfg = Release|Any CPU
		{7ADE24FB-65FC-4248-BFEE-27C1F02C3CAF}.Release|Any CPU.Build.0 = Release|Any CPU
		{7ADE24FB-65FC-4248-BFEE-27C1F02C3CAF}.Release|x64.ActiveCfg = Release|Any CPU
		{7ADE24FB-65FC-4248-BFEE-27C1F02C3CAF}.Release|x64.Build.0 = Release|Any CPU
		{7ADE24FB-65FC-4248-BFEE-27C1F02C3CAF}.Release|x86.ActiveCfg = Release|Any CPU
		{7ADE24FB-65FC-4248-BFEE-27C1F02C3CAF}.Release|x86.Build.0 = Release|Any CPU
	EndGlobalSection
	GlobalSection(NestedProjects) = preSolution
		{69578E20-7FD2-43BE-A0C5-D86B4E721E75} = {A7E40A35-641B-4F29-8D35-C762275678BB}
		{7ADE24FB-65FC-4248-BFEE-27C1F02C3CAF} = {85B258DA-BC7F-41F0-8942-749C808EBED2}
	EndGlobalSection
EndGlobal
